
Microsoft Visual Studio Solution File, Format Version 12.00
# Visual Studio Version 17
VisualStudioVersion = 17.1.32210.238
MinimumVisualStudioVersion = 10.0.40219.1
Project("{FAE04EC0-301F-11D3-BF4B-00C04F79EFBC}") = "lab_3", "lab_3\lab_3.csproj", "{2CC83579-624A-409F-8A89-B3A9F481CBCA}"
EndProject
Global
	GlobalSection(SolutionConfigurationPlatforms) = preSolution
		Debug|Any CPU = Debug|Any CPU
		Release|Any CPU = Release|Any CPU
	EndGlobalSection
	GlobalSection(ProjectConfigurationPlatforms) = postSolution
		{2CC83579-624A-409F-8A89-B3A9F481CBCA}.Debug|Any CPU.ActiveCfg = Debug|Any CPU
		{2CC83579-624A-409F-8A89-B3A9F481CBCA}.Debug|Any CPU.Build.0 = Debug|Any CPU
		{2CC83579-624A-409F-8A89-B3A9F481CBCA}.Release|Any CPU.ActiveCfg = Release|Any CPU
		{2CC83579-624A-409F-8A89-B3A9F481CBCA}.Release|Any CPU.Build.0 = Release|Any CPU
	EndGlobalSection
	GlobalSection(SolutionProperties) = preSolution
		HideSolutionNode = FALSE
	EndGlobalSection
	GlobalSection(ExtensibilityGlobals) = postSolution
		SolutionGuid = {68A179FF-2B79-4CDB-944C-FEA5AFE3527E}
	EndGlobalSection
EndGlobal
